// !$*UTF8*$!
{
	archiveVersion = 1;
	classes = {
	};
	objectVersion = 46;
	objects = {

/* Begin PBXBuildFile section */
		CE81105E1CE2423F00D0F861 /* AppDelegate.swift in Sources */ = {isa = PBXBuildFile; fileRef = CE81105D1CE2423F00D0F861 /* AppDelegate.swift */; };
		CE8110631CE2423F00D0F861 /* Main.storyboard in Resources */ = {isa = PBXBuildFile; fileRef = CE8110611CE2423F00D0F861 /* Main.storyboard */; };
		CE8110651CE2423F00D0F861 /* Assets.xcassets in Resources */ = {isa = PBXBuildFile; fileRef = CE8110641CE2423F00D0F861 /* Assets.xcassets */; };
		CE8110681CE2423F00D0F861 /* LaunchScreen.storyboard in Resources */ = {isa = PBXBuildFile; fileRef = CE8110661CE2423F00D0F861 /* LaunchScreen.storyboard */; };
		CE8110701CE2473E00D0F861 /* WeekTableViewController.swift in Sources */ = {isa = PBXBuildFile; fileRef = CE81106F1CE2473E00D0F861 /* WeekTableViewController.swift */; };
		CE8110721CE2576100D0F861 /* DayViewController.swift in Sources */ = {isa = PBXBuildFile; fileRef = CE8110711CE2576100D0F861 /* DayViewController.swift */; };
/* End PBXBuildFile section */

/* Begin PBXFileReference section */
		CE81105A1CE2423F00D0F861 /* TableViews.app */ = {isa = PBXFileReference; explicitFileType = wrapper.application; includeInIndex = 0; path = TableViews.app; sourceTree = BUILT_PRODUCTS_DIR; };
		CE81105D1CE2423F00D0F861 /* AppDelegate.swift */ = {isa = PBXFileReference; lastKnownFileType = sourcecode.swift; path = AppDelegate.swift; sourceTree = "<group>"; };
		CE8110621CE2423F00D0F861 /* Base */ = {isa = PBXFileReference; lastKnownFileType = file.storyboard; name = Base; path = Base.lproj/Main.storyboard; sourceTree = "<group>"; };
		CE8110641CE2423F00D0F861 /* Assets.xcassets */ = {isa = PBXFileReference; lastKnownFileType = folder.assetcatalog; path = Assets.xcassets; sourceTree = "<group>"; };
		CE8110671CE2423F00D0F861 /* Base */ = {isa = PBXFileReference; lastKnownFileType = file.storyboard; name = Base; path = Base.lproj/LaunchScreen.storyboard; sourceTree = "<group>"; };
		CE8110691CE2423F00D0F861 /* Info.plist */ = {isa = PBXFileReference; lastKnownFileType = text.plist.xml; path = Info.plist; sourceTree = "<group>"; };
		CE81106F1CE2473E00D0F861 /* WeekTableViewController.swift */ = {isa = PBXFileReference; fileEncoding = 4; lastKnownFileType = sourcecode.swift; path = WeekTableViewController.swift; sourceTree = "<group>"; };
		CE8110711CE2576100D0F861 /* DayViewController.swift */ = {isa = PBXFileReference; fileEncoding = 4; lastKnownFileType = sourcecode.swift; path = DayViewController.swift; sourceTree = "<group>"; };
/* End PBXFileReference section */

/* Begin PBXFrameworksBuildPhase section */
		CE8110571CE2423F00D0F861 /* Frameworks */ = {
			isa = PBXFrameworksBuildPhase;
			buildActionMask = 2147483647;
			files = (
			);
			runOnlyForDeploymentPostprocessing = 0;
		};
/* End PBXFrameworksBuildPhase section */

/* Begin PBXGroup section */
		CE8110511CE2423F00D0F861 = {
			isa = PBXGroup;
			children = (
				CE81105C1CE2423F00D0F861 /* TableViews */,
				CE81105B1CE2423F00D0F861 /* Products */,
			);
			sourceTree = "<group>";
		};
		CE81105B1CE2423F00D0F861 /* Products */ = {
			isa = PBXGroup;
			children = (
				CE81105A1CE2423F00D0F861 /* TableViews.app */,
			);
			name = Products;
			sourceTree = "<group>";
		};
		CE81105C1CE2423F00D0F861 /* TableViews */ = {
			isa = PBXGroup;
			children = (
				CE81105D1CE2423F00D0F861 /* AppDelegate.swift */,
				CE81106F1CE2473E00D0F861 /* WeekTableViewController.swift */,
				CE8110711CE2576100D0F861 /* DayViewController.swift */,
				CE8110611CE2423F00D0F861 /* Main.storyboard */,
				CE8110641CE2423F00D0F861 /* Assets.xcassets */,
				CE8110661CE2423F00D0F861 /* LaunchScreen.storyboard */,
				CE8110691CE2423F00D0F861 /* Info.plist */,
			);
			path = TableViews;
			sourceTree = "<group>";
		};
/* End PBXGroup section */

/* Begin PBXNativeTarget section */
		CE8110591CE2423F00D0F861 /* TableViews */ = {
			isa = PBXNativeTarget;
			buildConfigurationList = CE81106C1CE2423F00D0F861 /* Build configuration list for PBXNativeTarget "TableViews" */;
			buildPhases = (
				CE8110561CE2423F00D0F861 /* Sources */,
				CE8110571CE2423F00D0F861 /* Frameworks */,
				CE8110581CE2423F00D0F861 /* Resources */,
			);
			buildRules = (
			);
			dependencies = (
			);
			name = TableViews;
			productName = TableViews;
			productReference = CE81105A1CE2423F00D0F861 /* TableViews.app */;
			productType = "com.apple.product-type.application";
		};
/* End PBXNativeTarget section */

/* Begin PBXProject section */
		CE8110521CE2423F00D0F861 /* Project object */ = {
			isa = PBXProject;
			attributes = {
				LastSwiftUpdateCheck = 0730;
				LastUpgradeCheck = 0730;
				ORGANIZATIONNAME = Tyler;
				TargetAttributes = {
					CE8110591CE2423F00D0F861 = {
						CreatedOnToolsVersion = 7.3;
					};
				};
			};
			buildConfigurationList = CE8110551CE2423F00D0F861 /* Build configuration list for PBXProject "TableViews" */;
			compatibilityVersion = "Xcode 3.2";
			developmentRegion = English;
			hasScannedForEncodings = 0;
			knownRegions = (
				en,
				Base,
			);
			mainGroup = CE8110511CE2423F00D0F861;
			productRefGroup = CE81105B1CE2423F00D0F861 /* Products */;
			projectDirPath = "";
			projectRoot = "";
			targets = (
				CE8110591CE2423F00D0F861 /* TableViews */,
			);
		};
/* End PBXProject section */

/* Begin PBXResourcesBuildPhase section */
		CE8110581CE2423F00D0F861 /* Resources */ = {
			isa = PBXResourcesBuildPhase;
			buildActionMask = 2147483647;
			files = (
				CE8110681CE2423F00D0F861 /* LaunchScreen.storyboard in Resources */,
				CE8110651CE2423F00D0F861 /* Assets.xcassets in Resources */,
				CE8110631CE2423F00D0F861 /* Main.storyboard in Resources */,
			);
			runOnlyForDeploymentPostprocessing = 0;
		};
/* End PBXResourcesBuildPhase section */

/* Begin PBXSourcesBuildPhase section */
		CE8110561CE2423F00D0F861 /* Sources */ = {
			isa = PBXSourcesBuildPhase;
			buildActionMask = 2147483647;
			files = (
				CE81105E1CE2423F00D0F861 /* AppDelegate.swift in Sources */,
				CE8110701CE2473E00D0F861 /* WeekTableViewController.swift in Sources */,
				CE8110721CE2576100D0F861 /* DayViewController.swift in Sources */,
			);
			runOnlyForDeploymentPostprocessing = 0;
		};
/* End PBXSourcesBuildPhase section */

/* Begin PBXVariantGroup section */
		CE8110611CE2423F00D0F861 /* Main.storyboard */ = {
			isa = PBXVariantGroup;
			children = (
				CE8110621CE2423F00D0F861 /* Base */,
			);
			name = Main.storyboard;
			sourceTree = "<group>";
		};
		CE8110661CE2423F00D0F861 /* LaunchScreen.storyboard */ = {
			isa = PBXVariantGroup;
			children = (
				CE8110671CE2423F00D0F861 /* Base */,
			);
			name = LaunchScreen.storyboard;
			sourceTree = "<group>";
		};
/* End PBXVariantGroup section */

/* Begin XCBuildConfiguration section */
		CE81106A1CE2423F00D0F861 /* Debug */ = {
			isa = XCBuildConfiguration;
			buildSettings = {
				ALWAYS_SEARCH_USER_PATHS = NO;
				CLANG_ANALYZER_NONNULL = YES;
				CLANG_CXX_LANGUAGE_STANDARD = "gnu++0x";
				CLANG_CXX_LIBRARY = "libc++";
				CLANG_ENABLE_MODULES = YES;
				CLANG_ENABLE_OBJC_ARC = YES;
				CLANG_WARN_BOOL_CONVERSION = YES;
				CLANG_WARN_CONSTANT_CONVERSION = YES;
				CLANG_WARN_DIRECT_OBJC_ISA_USAGE = YES_ERROR;
				CLANG_WARN_EMPTY_BODY = YES;
				CLANG_WARN_ENUM_CONVERSION = YES;
				CLANG_WARN_INT_CONVERSION = YES;
				CLANG_WARN_OBJC_ROOT_CLASS = YES_ERROR;
				CLANG_WARN_UNREACHABLE_CODE = YES;
				CLANG_WARN__DUPLICATE_METHOD_MATCH = YES;
				"CODE_SIGN_IDENTITY[sdk=iphoneos*]" = "iPhone Developer";
				COPY_PHASE_STRIP = NO;
				DEBUG_INFORMATION_FORMAT = dwarf;
				ENABLE_STRICT_OBJC_MSGSEND = YES;
				ENABLE_TESTABILITY = YES;
				GCC_C_LANGUAGE_STANDARD = gnu99;
				GCC_DYNAMIC_NO_PIC = NO;
				GCC_NO_COMMON_BLOCKS = YES;
				GCC_OPTIMIZATION_LEVEL = 0;
				GCC_PREPROCESSOR_DEFINITIONS = (
					"DEBUG=1",
					"$(inherited)",
				);
				GCC_WARN_64_TO_32_BIT_CONVERSION = YES;
				GCC_WARN_ABOUT_RETURN_TYPE = YES_ERROR;
				GCC_WARN_UNDECLARED_SELECTOR = YES;
				GCC_WARN_UNINITIALIZED_AUTOS = YES_AGGRESSIVE;
				GCC_WARN_UNUSED_FUNCTION = YES;
				GCC_WARN_UNUSED_VARIABLE = YES;
				IPHONEOS_DEPLOYMENT_TARGET = 9.3;
				MTL_ENABLE_DEBUG_INFO = YES;
				ONLY_ACTIVE_ARCH = YES;
				SDKROOT = iphoneos;
				SWIFT_OPTIMIZATION_LEVEL = "-Onone";
			};
			name = Debug;
		};
		CE81106B1CE2423F00D0F861 /* Release */ = {
			isa = XCBuildConfiguration;
			buildSettings = {
				ALWAYS_SEARCH_USER_PATHS = NO;
				CLANG_ANALYZER_NONNULL = YES;
				CLANG_CXX_LANGUAGE_STANDARD = "gnu++0x";
				CLANG_CXX_LIBRARY = "libc++";
				CLANG_ENABLE_MODULES = YES;
				CLANG_ENABLE_OBJC_ARC = YES;
				CLANG_WARN_BOOL_CONVERSION = YES;
				CLANG_WARN_CONSTANT_CONVERSION = YES;
				CLANG_WARN_DIRECT_OBJC_ISA_USAGE = YES_ERROR;
				CLANG_WARN_EMPTY_BODY = YES;
				CLANG_WARN_ENUM_CONVERSION = YES;
				CLANG_WARN_INT_CONVERSION = YES;
				CLANG_WARN_OBJC_ROOT_CLASS = YES_ERROR;
				CLANG_WARN_UNREACHABLE_CODE = YES;
				CLANG_WARN__DUPLICATE_METHOD_MATCH = YES;
				"CODE_SIGN_IDENTITY[sdk=iphoneos*]" = "iPhone Developer";
				COPY_PHASE_STRIP = NO;
				DEBUG_INFORMATION_FORMAT = "dwarf-with-dsym";
				ENABLE_NS_ASSERTIONS = NO;
				ENABLE_STRICT_OBJC_MSGSEND = YES;
				GCC_C_LANGUAGE_STANDARD = gnu99;
				GCC_NO_COMMON_BLOCKS = YES;
				GCC_WARN_64_TO_32_BIT_CONVERSION = YES;
				GCC_WARN_ABOUT_RETURN_TYPE = YES_ERROR;
				GCC_WARN_UNDECLARED_SELECTOR = YES;
				GCC_WARN_UNINITIALIZED_AUTOS = YES_AGGRESSIVE;
				GCC_WARN_UNUSED_FUNCTION = YES;
				GCC_WARN_UNUSED_VARIABLE = YES;
				IPHONEOS_DEPLOYMENT_TARGET = 9.3;
				MTL_ENABLE_DEBUG_INFO = NO;
				SDKROOT = iphoneos;
				VALIDATE_PRODUCT = YES;
			};
			name = Release;
		};
		CE81106D1CE2423F00D0F861 /* Debug */ = {
			isa = XCBuildConfiguration;
			buildSettings = {
				ASSETCATALOG_COMPILER_APPICON_NAME = AppIcon;
				INFOPLIST_FILE = TableViews/Info.plist;
				LD_RUNPATH_SEARCH_PATHS = "$(inherited) @executable_path/Frameworks";
				PRODUCT_BUNDLE_IDENTIFIER = com.bottomlinecode.TableViews;
				PRODUCT_NAME = "$(TARGET_NAME)";
			};
			name = Debug;
		};
		CE81106E1CE2423F00D0F861 /* Release */ = {
			isa = XCBuildConfiguration;
			buildSettings = {
				ASSETCATALOG_COMPILER_APPICON_NAME = AppIcon;
				INFOPLIST_FILE = TableViews/Info.plist;
				LD_RUNPATH_SEARCH_PATHS = "$(inherited) @executable_path/Frameworks";
				PRODUCT_BUNDLE_IDENTIFIER = com.bottomlinecode.TableViews;
				PRODUCT_NAME = "$(TARGET_NAME)";
			};
			name = Release;
		};
/* End XCBuildConfiguration section */

/* Begin XCConfigurationList section */
		CE8110551CE2423F00D0F861 /* Build configuration list for PBXProject "TableViews" */ = {
			isa = XCConfigurationList;
			buildConfigurations = (
				CE81106A1CE2423F00D0F861 /* Debug */,
				CE81106B1CE2423F00D0F861 /* Release */,
			);
			defaultConfigurationIsVisible = 0;
			defaultConfigurationName = Release;
		};
		CE81106C1CE2423F00D0F861 /* Build configuration list for PBXNativeTarget "TableViews" */ = {
			isa = XCConfigurationList;
			buildConfigurations = (
				CE81106D1CE2423F00D0F861 /* Debug */,
				CE81106E1CE2423F00D0F861 /* Release */,
			);
			defaultConfigurationIsVisible = 0;
		};
/* End XCConfigurationList section */
	};
	rootObject = CE8110521CE2423F00D0F861 /* Project object */;
}
